
Microsoft Visual Studio Solution File, Format Version 12.00
# Visual Studio Version 16
VisualStudioVersion = 16.0.33927.289
MinimumVisualStudioVersion = 10.0.40219.1
Project("{2150E333-8FDC-42A3-9474-1A3956D46DE8}") = "Task0", "Task0", "{12FA4E5C-2428-4140-BB8E-57E712BCBB86}"
EndProject
Project("{FAE04EC0-301F-11D3-BF4B-00C04F79EFBC}") = "Tyuiu.ZargarovAA.Sprint0.Task0.V0", "Tyuiu.ZargarovAA.Sprint0.Task0.V0\Tyuiu.ZargarovAA.Sprint0.Task0.V0.csproj", "{26514950-2CA0-444E-96D9-56F3CCF5283C}"
EndProject
Project("{2150E333-8FDC-42A3-9474-1A3956D46DE8}") = "Task1", "Task1", "{6A409FF9-3EEF-45BA-A60C-15C1042DF6AD}"
EndProject
Project("{FAE04EC0-301F-11D3-BF4B-00C04F79EFBC}") = "Tyuiu.ZargarovAA.Sprint0.Task1.V0", "Tyuiu.ZargarovAA.Sprint0.Task1.V0\Tyuiu.ZargarovAA.Sprint0.Task1.V0.csproj", "{2CCDFF32-8EAD-4B69-A15B-28A2CC4F8B3B}"
EndProject
Project("{2150E333-8FDC-42A3-9474-1A3956D46DE8}") = "task2", "task2", "{2A50907F-C28A-471B-9229-6D84A82B0777}"
EndProject
Project("{FAE04EC0-301F-11D3-BF4B-00C04F79EFBC}") = "Tyuiu.ZargarovAA.Sprint0.Task2.V0", "Tyuiu.ZargarovAA.Sprint0.Task2.V0\Tyuiu.ZargarovAA.Sprint0.Task2.V0.csproj", "{23A88A50-A1E6-4EF2-89FB-101F76EB62BB}"
EndProject
Project("{FAE04EC0-301F-11D3-BF4B-00C04F79EFBC}") = "Tyuiu.ZargarovAA.Sprint0.Task2.V0.Lib", "Tyuiu.ZargarovAA.Sprint0.Task2.V0.Lib\Tyuiu.ZargarovAA.Sprint0.Task2.V0.Lib.csproj", "{DCDECAA2-A2BF-4B4F-A511-4FE772145AA2}"
EndProject
Project("{FAE04EC0-301F-11D3-BF4B-00C04F79EFBC}") = "Tyuiu.ZargarovAA.Sprint0.Task2.V0.Test", "Tyuiu.ZargarovAA.Sprint0.Task2.V0.Test\Tyuiu.ZargarovAA.Sprint0.Task2.V0.Test.csproj", "{2E8579DC-4F16-4D98-AD87-800483DCAEE0}"
EndProject
Project("{2150E333-8FDC-42A3-9474-1A3956D46DE8}") = "Task3", "Task3", "{F0E08C73-35B3-4163-8200-591A58CEA353}"
EndProject
Project("{FAE04EC0-301F-11D3-BF4B-00C04F79EFBC}") = "Tyuiu.ZargarovAA.Sprint0.Task3.V0", "Tyuiu.ZargarovAA.Sprint0.Task3.V0\Tyuiu.ZargarovAA.Sprint0.Task3.V0.csproj", "{04E0E5A5-C35E-47AE-84A3-B7EDF7652A14}"
EndProject
Project("{FAE04EC0-301F-11D3-BF4B-00C04F79EFBC}") = "Tyuiu.ZargarovAA.Sprint0.Task3.V0.Test", "Tyuiu.ZargarovAA.Sprint0.Task3.V0.Test\Tyuiu.ZargarovAA.Sprint0.Task3.V0.Test.csproj", "{FEB9518F-9475-4B19-9D07-8471FC897031}"
EndProject
Project("{FAE04EC0-301F-11D3-BF4B-00C04F79EFBC}") = "Tyuiu.ZargarovAA.Sprint0.Task3.V0.Lib", "Tyuiu.ZargarovAA.Sprint0.Task3.V0.Lib\Tyuiu.ZargarovAA.Sprint0.Task3.V0.Lib.csproj", "{F80DE5D4-22AE-4484-BDB4-EA2C0E6833C2}"
EndProject
Project("{2150E333-8FDC-42A3-9474-1A3956D46DE8}") = "Task4", "Task4", "{21F0A09E-FF1A-4C62-BF78-466B1A1F566B}"
EndProject
Project("{FAE04EC0-301F-11D3-BF4B-00C04F79EFBC}") = "Tyuiu.ZargarovAA.Sprint0.Task4.V0", "Tyuiu.ZargarovAA.Sprint0.Task4.V0\Tyuiu.ZargarovAA.Sprint0.Task4.V0.csproj", "{A1F278C5-D7AA-4E2C-A85E-FA777A484550}"
EndProject
Project("{FAE04EC0-301F-11D3-BF4B-00C04F79EFBC}") = "Tyuiu.ZargarovAA.Sprint0.Task4.V0.Lib", "Tyuiu.ZargarovAA.Sprint0.Task4.V0.Lib\Tyuiu.ZargarovAA.Sprint0.Task4.V0.Lib.csproj", "{F11B41D2-E9E6-453D-BED2-95227F94D574}"
EndProject
Project("{FAE04EC0-301F-11D3-BF4B-00C04F79EFBC}") = "Tyuiu.ZargarovAA.Sprint0.Task4.V0.Test", "Tyuiu.ZargarovAA.Sprint0.Task4.V0.Test\Tyuiu.ZargarovAA.Sprint0.Task4.V0.Test.csproj", "{99FD23E4-CC22-4F7B-A27B-C76F68C57D78}"
EndProject
Global
	GlobalSection(SolutionConfigurationPlatforms) = preSolution
		Debug|Any CPU = Debug|Any CPU
		Release|Any CPU = Release|Any CPU
	EndGlobalSection
	GlobalSection(ProjectConfigurationPlatforms) = postSolution
		{26514950-2CA0-444E-96D9-56F3CCF5283C}.Debug|Any CPU.ActiveCfg = Debug|Any CPU
		{26514950-2CA0-444E-96D9-56F3CCF5283C}.Debug|Any CPU.Build.0 = Debug|Any CPU
		{26514950-2CA0-444E-96D9-56F3CCF5283C}.Release|Any CPU.ActiveCfg = Release|Any CPU
		{26514950-2CA0-444E-96D9-56F3CCF5283C}.Release|Any CPU.Build.0 = Release|Any CPU
		{2CCDFF32-8EAD-4B69-A15B-28A2CC4F8B3B}.Debug|Any CPU.ActiveCfg = Debug|Any CPU
		{2CCDFF32-8EAD-4B69-A15B-28A2CC4F8B3B}.Debug|Any CPU.Build.0 = Debug|Any CPU
		{2CCDFF32-8EAD-4B69-A15B-28A2CC4F8B3B}.Release|Any CPU.ActiveCfg = Release|Any CPU
		{2CCDFF32-8EAD-4B69-A15B-28A2CC4F8B3B}.Release|Any CPU.Build.0 = Release|Any CPU
		{23A88A50-A1E6-4EF2-89FB-101F76EB62BB}.Debug|Any CPU.ActiveCfg = Debug|Any CPU
		{23A88A50-A1E6-4EF2-89FB-101F76EB62BB}.Debug|Any CPU.Build.0 = Debug|Any CPU
		{23A88A50-A1E6-4EF2-89FB-101F76EB62BB}.Release|Any CPU.ActiveCfg = Release|Any CPU
		{23A88A50-A1E6-4EF2-89FB-101F76EB62BB}.Release|Any CPU.Build.0 = Release|Any CPU
		{DCDECAA2-A2BF-4B4F-A511-4FE772145AA2}.Debug|Any CPU.ActiveCfg = Debug|Any CPU
		{DCDECAA2-A2BF-4B4F-A511-4FE772145AA2}.Debug|Any CPU.Build.0 = Debug|Any CPU
		{DCDECAA2-A2BF-4B4F-A511-4FE772145AA2}.Release|Any CPU.ActiveCfg = Release|Any CPU
		{DCDECAA2-A2BF-4B4F-A511-4FE772145AA2}.Release|Any CPU.Build.0 = Release|Any CPU
		{2E8579DC-4F16-4D98-AD87-800483DCAEE0}.Debug|Any CPU.ActiveCfg = Debug|Any CPU
		{2E8579DC-4F16-4D98-AD87-800483DCAEE0}.Debug|Any CPU.Build.0 = Debug|Any CPU
		{2E8579DC-4F16-4D98-AD87-800483DCAEE0}.Release|Any CPU.ActiveCfg = Release|Any CPU
		{2E8579DC-4F16-4D98-AD87-800483DCAEE0}.Release|Any CPU.Build.0 = Release|Any CPU
		{04E0E5A5-C35E-47AE-84A3-B7EDF7652A14}.Debug|Any CPU.ActiveCfg = Debug|Any CPU
		{04E0E5A5-C35E-47AE-84A3-B7EDF7652A14}.Debug|Any CPU.Build.0 = Debug|Any CPU
		{04E0E5A5-C35E-47AE-84A3-B7EDF7652A14}.Release|Any CPU.ActiveCfg = Release|Any CPU
		{04E0E5A5-C35E-47AE-84A3-B7EDF7652A14}.Release|Any CPU.Build.0 = Release|Any CPU
		{FEB9518F-9475-4B19-9D07-8471FC897031}.Debug|Any CPU.ActiveCfg = Debug|Any CPU
		{FEB9518F-9475-4B19-9D07-8471FC897031}.Debug|Any CPU.Build.0 = Debug|Any CPU
		{FEB9518F-9475-4B19-9D07-8471FC897031}.Release|Any CPU.ActiveCfg = Release|Any CPU
		{FEB9518F-9475-4B19-9D07-8471FC897031}.Release|Any CPU.Build.0 = Release|Any CPU
		{F80DE5D4-22AE-4484-BDB4-EA2C0E6833C2}.Debug|Any CPU.ActiveCfg = Debug|Any CPU
		{F80DE5D4-22AE-4484-BDB4-EA2C0E6833C2}.Debug|Any CPU.Build.0 = Debug|Any CPU
		{F80DE5D4-22AE-4484-BDB4-EA2C0E6833C2}.Release|Any CPU.ActiveCfg = Release|Any CPU
		{F80DE5D4-22AE-4484-BDB4-EA2C0E6833C2}.Release|Any CPU.Build.0 = Release|Any CPU
		{A1F278C5-D7AA-4E2C-A85E-FA777A484550}.Debug|Any CPU.ActiveCfg = Debug|Any CPU
		{A1F278C5-D7AA-4E2C-A85E-FA777A484550}.Debug|Any CPU.Build.0 = Debug|Any CPU
		{A1F278C5-D7AA-4E2C-A85E-FA777A484550}.Release|Any CPU.ActiveCfg = Release|Any CPU
		{A1F278C5-D7AA-4E2C-A85E-FA777A484550}.Release|Any CPU.Build.0 = Release|Any CPU
		{F11B41D2-E9E6-453D-BED2-95227F94D574}.Debug|Any CPU.ActiveCfg = Debug|Any CPU
		{F11B41D2-E9E6-453D-BED2-95227F94D574}.Debug|Any CPU.Build.0 = Debug|Any CPU
		{F11B41D2-E9E6-453D-BED2-95227F94D574}.Release|Any CPU.ActiveCfg = Release|Any CPU
		{F11B41D2-E9E6-453D-BED2-95227F94D574}.Release|Any CPU.Build.0 = Release|Any CPU
		{99FD23E4-CC22-4F7B-A27B-C76F68C57D78}.Debug|Any CPU.ActiveCfg = Debug|Any CPU
		{99FD23E4-CC22-4F7B-A27B-C76F68C57D78}.Debug|Any CPU.Build.0 = Debug|Any CPU
		{99FD23E4-CC22-4F7B-A27B-C76F68C57D78}.Release|Any CPU.ActiveCfg = Release|Any CPU
		{99FD23E4-CC22-4F7B-A27B-C76F68C57D78}.Release|Any CPU.Build.0 = Release|Any CPU
	EndGlobalSection
	GlobalSection(SolutionProperties) = preSolution
		HideSolutionNode = FALSE
	EndGlobalSection
	GlobalSection(NestedProjects) = preSolution
		{26514950-2CA0-444E-96D9-56F3CCF5283C} = {12FA4E5C-2428-4140-BB8E-57E712BCBB86}
		{2CCDFF32-8EAD-4B69-A15B-28A2CC4F8B3B} = {6A409FF9-3EEF-45BA-A60C-15C1042DF6AD}
		{23A88A50-A1E6-4EF2-89FB-101F76EB62BB} = {2A50907F-C28A-471B-9229-6D84A82B0777}
		{DCDECAA2-A2BF-4B4F-A511-4FE772145AA2} = {2A50907F-C28A-471B-9229-6D84A82B0777}
		{2E8579DC-4F16-4D98-AD87-800483DCAEE0} = {2A50907F-C28A-471B-9229-6D84A82B0777}
		{04E0E5A5-C35E-47AE-84A3-B7EDF7652A14} = {F0E08C73-35B3-4163-8200-591A58CEA353}
		{FEB9518F-9475-4B19-9D07-8471FC897031} = {F0E08C73-35B3-4163-8200-591A58CEA353}
		{F80DE5D4-22AE-4484-BDB4-EA2C0E6833C2} = {F0E08C73-35B3-4163-8200-591A58CEA353}
		{A1F278C5-D7AA-4E2C-A85E-FA777A484550} = {21F0A09E-FF1A-4C62-BF78-466B1A1F566B}
		{F11B41D2-E9E6-453D-BED2-95227F94D574} = {21F0A09E-FF1A-4C62-BF78-466B1A1F566B}
		{99FD23E4-CC22-4F7B-A27B-C76F68C57D78} = {21F0A09E-FF1A-4C62-BF78-466B1A1F566B}
	EndGlobalSection
	GlobalSection(ExtensibilityGlobals) = postSolution
		SolutionGuid = {D1C514A0-7B2F-478D-B740-EC03A05E89E2}
	EndGlobalSection
EndGlobal
